
Microsoft Visual Studio Solution File, Format Version 12.00
# Visual Studio Version 16
VisualStudioVersion = 16.0.31702.278
MinimumVisualStudioVersion = 10.0.40219.1
Project("{FAE04EC0-301F-11D3-BF4B-00C04F79EFBC}") = "AdventureGame", "AdventureGame\AdventureGame.csproj", "{B1C7830A-C759-4913-AE1E-1A15DC1C1C1D}"
EndProject
Global
	GlobalSection(SolutionConfigurationPlatforms) = preSolution
		Debug|Any CPU = Debug|Any CPU
		Release|Any CPU = Release|Any CPU
	EndGlobalSection
	GlobalSection(ProjectConfigurationPlatforms) = postSolution
		{B1C7830A-C759-4913-AE1E-1A15DC1C1C1D}.Debug|Any CPU.ActiveCfg = Debug|Any CPU
		{B1C7830A-C759-4913-AE1E-1A15DC1C1C1D}.Debug|Any CPU.Build.0 = Debug|Any CPU
		{B1C7830A-C759-4913-AE1E-1A15DC1C1C1D}.Release|Any CPU.ActiveCfg = Release|Any CPU
		{B1C7830A-C759-4913-AE1E-1A15DC1C1C1D}.Release|Any CPU.Build.0 = Release|Any CPU
	EndGlobalSection
	GlobalSection(SolutionProperties) = preSolution
		HideSolutionNode = FALSE
	EndGlobalSection
	GlobalSection(ExtensibilityGlobals) = postSolution
		SolutionGuid = {D5ECF3E2-4227-464A-9941-A2995BF06DC5}
	EndGlobalSection
EndGlobal
